Microsoft Visual Studio Solution File, Format Version 12.00
# Visual Studio Version 17
VisualStudioVersion = 17.0.31903.59
MinimumVisualStudioVersion = 10.0.40219.1
Project("{FAE04EC0-301F-11D3-BF4B-00C04F79EFBC}") = "TurnWarning", "TurnWarning\TurnWarning.csproj", "{27D2EECA-E687-45D3-90D6-915A63353FC9}"
EndProject
Project("{FAE04EC0-301F-11D3-BF4B-00C04F79EFBC}") = "TurnWarning.Tests", "TurnWarning.Tests\TurnWarning.Tests.csproj", "{5E7F68DD-D09D-4170-8A54-131EC6498DDF}"
EndProject
Global
	GlobalSection(SolutionConfigurationPlatforms) = preSolution
		Debug|x64 = Debug|x64
		Release|x64 = Release|x64
	EndGlobalSection
	GlobalSection(ProjectConfigurationPlatforms) = postSolution
		{27D2EECA-E687-45D3-90D6-915A63353FC9}.Debug|x64.ActiveCfg = Debug|x64
		{27D2EECA-E687-45D3-90D6-915A63353FC9}.Debug|x64.Build.0 = Debug|x64
		{27D2EECA-E687-45D3-90D6-915A63353FC9}.Release|x64.ActiveCfg = Release|x64
		{27D2EECA-E687-45D3-90D6-915A63353FC9}.Release|x64.Build.0 = Release|x64
		{5E7F68DD-D09D-4170-8A54-131EC6498DDF}.Debug|x64.ActiveCfg = Debug|Any CPU
		{5E7F68DD-D09D-4170-8A54-131EC6498DDF}.Debug|x64.Build.0 = Debug|Any CPU
		{5E7F68DD-D09D-4170-8A54-131EC6498DDF}.Release|x64.ActiveCfg = Release|Any CPU
		{5E7F68DD-D09D-4170-8A54-131EC6498DDF}.Release|x64.Build.0 = Release|Any CPU
	EndGlobalSection
EndGlobal

